<?xml version="1.0" encoding="utf-8"?>
<Project ToolsVersion="4.0" xmlns="http://schemas.microsoft.com/developer/msbuild/2003">
  <ItemGroup>
    <Filter Include="Source Files">
      <UniqueIdentifier>{4FC737F1-C7A5-4376-A066-2A32D752A2FF}</UniqueIdentifier>
      <Extensions>cpp;c;cc;cxx;def;odl;idl;hpj;bat;asm;asmx</Extensions>
    </Filter>
    <Filter Include="Header Files">
      <UniqueIdentifier>{93995380-89BD-4b04-88EB-625FBE52EBFB}</UniqueIdentifier>
      <Extensions>h;hh;hpp;hxx;hm;inl;inc;xsd</Extensions>
    </Filter>
    <Filter Include="Resource Files">
      <UniqueIdentifier>{67DA6AB6-F800-4c08-8B7A-83BB121AAD01}</UniqueIdentifier>
      <Extensions>rc;ico;cur;bmp;dlg;rc2;rct;bin;rgs;gif;jpg;jpeg;jpe;resx;tiff;tif;png;wav;mfcribbon-ms</Extensions>
    </Filter>
  </ItemGroup>
  <ItemGroup>
    <ClCompile Include="Player.cpp">
      <Filter>Source Files</Filter>
    </ClCompile>
    <ClCompile Include="Seek.cpp">
      <Filter>Source Files</Filter>
    </ClCompile>
    <ClCompile Include="SeekState.cpp">
      <Filter>Source Files</Filter>
    </ClCompile>
    <ClCompile Include="Spin2.cpp">
      <Filter>Source Files</Filter>
    </ClCompile>
    <ClCompile Include="StateNormal.cpp">
      <Filter>Source Files</Filter>
    </ClCompile>
    <ClCompile Include="StateSpin.cpp">
      <Filter>Source Files</Filter>
    </ClCompile>
    <ClCompile Include="TargetCamera.cpp">
      <Filter>Source Files</Filter>
    </ClCompile>
    <ClCompile Include="Enemy.cpp">
      <Filter>Source Files</Filter>
    </ClCompile>
    <ClCompile Include="Entity.cpp">
      <Filter>Source Files</Filter>
    </ClCompile>
    <ClCompile Include="EntityManager.cpp">
      <Filter>Source Files</Filter>
    </ClCompile>
    <ClCompile Include="Flee.cpp">
      <Filter>Source Files</Filter>
    </ClCompile>
    <ClCompile Include="FleeState.cpp">
      <Filter>Source Files</Filter>
    </ClCompile>
    <ClCompile Include="FreeCamera.cpp">
      <Filter>Source Files</Filter>
    </ClCompile>
    <ClCompile Include="Game.cpp">
      <Filter>Source Files</Filter>
    </ClCompile>
    <ClCompile Include="MessageHandler.cpp">
      <Filter>Source Files</Filter>
    </ClCompile>
    <ClCompile Include="PhysicsEngine.cpp">
      <Filter>Source Files</Filter>
    </ClCompile>
    <ClCompile Include="PhysicsEntity.cpp">
      <Filter>Source Files</Filter>
    </ClCompile>
    <ClCompile Include="main.cpp">
      <Filter>Source Files</Filter>
    </ClCompile>
    <ClCompile Include="Object.cpp">
      <Filter>Source Files</Filter>
    </ClCompile>
    <ClCompile Include="DistanceToPlayerDecision.cpp">
      <Filter>Source Files</Filter>
    </ClCompile>
    <ClCompile Include="DistanceToSprayDecision.cpp">
      <Filter>Source Files</Filter>
    </ClCompile>
    <ClCompile Include="DistanceToFishDecision.cpp">
      <Filter>Source Files</Filter>
    </ClCompile>
    <ClCompile Include="Collectable.cpp">
      <Filter>Source Files</Filter>
    </ClCompile>
    <ClCompile Include="DistanceToSocksDecision.cpp">
      <Filter>Source Files</Filter>
    </ClCompile>
    <ClCompile Include="DistanceToBoneDecision.cpp">
      <Filter>Source Files</Filter>
    </ClCompile>
    <ClCompile Include="DistanceToCarrotDecision.cpp">
      <Filter>Source Files</Filter>
    </ClCompile>
  </ItemGroup>
  <ItemGroup>
    <ClInclude Include="Camera.h">
      <Filter>Source Files</Filter>
    </ClInclude>
    <ClInclude Include="Decision.h">
      <Filter>Source Files</Filter>
    </ClInclude>
    <ClInclude Include="DecisionTreeNode.h">
      <Filter>Source Files</Filter>
    </ClInclude>
    <ClInclude Include="Enemy.h">
      <Filter>Source Files</Filter>
    </ClInclude>
    <ClInclude Include="Entity.h">
      <Filter>Source Files</Filter>
    </ClInclude>
    <ClInclude Include="EntityManager.h">
      <Filter>Source Files</Filter>
    </ClInclude>
    <ClInclude Include="Flee.h">
      <Filter>Source Files</Filter>
    </ClInclude>
    <ClInclude Include="FleeState.h">
      <Filter>Source Files</Filter>
    </ClInclude>
    <ClInclude Include="FreeCamera.h">
      <Filter>Source Files</Filter>
    </ClInclude>
    <ClInclude Include="Game.h">
      <Filter>Source Files</Filter>
    </ClInclude>
    <ClInclude Include="InputHandler.h">
      <Filter>Source Files</Filter>
    </ClInclude>
    <ClInclude Include="Message.h">
      <Filter>Source Files</Filter>
    </ClInclude>
    <ClInclude Include="MessageHandler.h">
      <Filter>Source Files</Filter>
    </ClInclude>
    <ClInclude Include="MultiDecision.h">
      <Filter>Source Files</Filter>
    </ClInclude>
    <ClInclude Include="NormalDecision.h">
      <Filter>Source Files</Filter>
    </ClInclude>
    <ClInclude Include="PhysicsEngine.h">
      <Filter>Source Files</Filter>
    </ClInclude>
    <ClInclude Include="PhysicsEntity.h">
      <Filter>Source Files</Filter>
    </ClInclude>
    <ClInclude Include="Player.h">
      <Filter>Source Files</Filter>
    </ClInclude>
    <ClInclude Include="RandomDecision.h">
      <Filter>Source Files</Filter>
    </ClInclude>
    <ClInclude Include="RandomMultiDecision.h">
      <Filter>Source Files</Filter>
    </ClInclude>
    <ClInclude Include="Seek.h">
      <Filter>Source Files</Filter>
    </ClInclude>
    <ClInclude Include="SeekState.h">
      <Filter>Source Files</Filter>
    </ClInclude>
    <ClInclude Include="Spin2.h">
      <Filter>Source Files</Filter>
    </ClInclude>
    <ClInclude Include="Spin2Decision.h">
      <Filter>Source Files</Filter>
    </ClInclude>
    <ClInclude Include="SpinDecision.h">
      <Filter>Source Files</Filter>
    </ClInclude>
    <ClInclude Include="State.h">
      <Filter>Source Files</Filter>
    </ClInclude>
    <ClInclude Include="StateMachine.h">
      <Filter>Source Files</Filter>
    </ClInclude>
    <ClInclude Include="StateNormal.h">
      <Filter>Source Files</Filter>
    </ClInclude>
    <ClInclude Include="StateSpin.h">
      <Filter>Source Files</Filter>
    </ClInclude>
    <ClInclude Include="SteeringBehaviour.h">
      <Filter>Source Files</Filter>
    </ClInclude>
    <ClInclude Include="SteeringOutput.h">
      <Filter>Source Files</Filter>
    </ClInclude>
    <ClInclude Include="TargetCamera.h">
      <Filter>Source Files</Filter>
    </ClInclude>
    <ClInclude Include="Object.h">
      <Filter>Source Files</Filter>
    </ClInclude>
    <ClInclude Include="SeekPlayerDecision.h">
      <Filter>Source Files</Filter>
    </ClInclude>
    <ClInclude Include="SeekItemDecision.h">
      <Filter>Source Files</Filter>
    </ClInclude>
    <ClInclude Include="FleePlayerDecision.h">
      <Filter>Source Files</Filter>
    </ClInclude>
    <ClInclude Include="DistanceToPlayerDecision.h">
      <Filter>Source Files</Filter>
    </ClInclude>
    <ClInclude Include="DistanceToSprayDecision.h">
      <Filter>Source Files</Filter>
    </ClInclude>
    <ClInclude Include="FleeItemDecision.h">
      <Filter>Source Files</Filter>
    </ClInclude>
    <ClInclude Include="DistanceToFishDecision.h">
      <Filter>Source Files</Filter>
    </ClInclude>
    <ClInclude Include="Collectable.h">
      <Filter>Source Files</Filter>
    </ClInclude>
    <ClInclude Include="DistanceToSocksDecision.h">
      <Filter>Source Files</Filter>
    </ClInclude>
    <ClInclude Include="FleeColletableDecision.h">
      <Filter>Source Files</Filter>
    </ClInclude>
    <ClInclude Include="SeekCollectableDecision.h">
      <Filter>Source Files</Filter>
    </ClInclude>
    <ClInclude Include="DistanceToBoneDecision.h">
      <Filter>Source Files</Filter>
    </ClInclude>
    <ClInclude Include="DistanceToCarrotDecision.h">
      <Filter>Source Files</Filter>
    </ClInclude>
  </ItemGroup>
</Project>